
Microsoft Visual Studio Solution File, Format Version 12.00
# Visual Studio 2013
VisualStudioVersion = 12.0.21005.1
MinimumVisualStudioVersion = 10.0.40219.1
Project("{FAE04EC0-301F-11D3-BF4B-00C04F79EFBC}") = "6 - Geometria", "6 - Geometria\6 - Geometria.csproj", "{1F6C0208-BD4A-42D0-9353-2A376B612064}"
EndProject
Global
	GlobalSection(SolutionConfigurationPlatforms) = preSolution
		Debug|Any CPU = Debug|Any CPU
		Release|Any CPU = Release|Any CPU
	EndGlobalSection
	GlobalSection(ProjectConfigurationPlatforms) = postSolution
		{1F6C0208-BD4A-42D0-9353-2A376B612064}.Debug|Any CPU.ActiveCfg = Debug|Any CPU
		{1F6C0208-BD4A-42D0-9353-2A376B612064}.Debug|Any CPU.Build.0 = Debug|Any CPU
		{1F6C0208-BD4A-42D0-9353-2A376B612064}.Release|Any CPU.ActiveCfg = Release|Any CPU
		{1F6C0208-BD4A-42D0-9353-2A376B612064}.Release|Any CPU.Build.0 = Release|Any CPU
	EndGlobalSection
	GlobalSection(SolutionProperties) = preSolution
		HideSolutionNode = FALSE
	EndGlobalSection
EndGlobal
